// !$*UTF8*$!
{
	archiveVersion = 1;
	classes = {
	};
	objectVersion = 46;
	objects = {

/* Begin PBXBuildFile section */
		88615712152D30A00020CAD8 /* PaintView.m in Sources */ = {isa = PBXBuildFile; fileRef = 88615711152D30A00020CAD8 /* PaintView.m */; };
		88B62D8B152D2EE800EE6140 /* UIKit.framework in Frameworks */ = {isa = PBXBuildFile; fileRef = 88B62D8A152D2EE800EE6140 /* UIKit.framework */; };
		88B62D8D152D2EE800EE6140 /* Foundation.framework in Frameworks */ = {isa = PBXBuildFile; fileRef = 88B62D8C152D2EE800EE6140 /* Foundation.framework */; };
		88B62D8F152D2EE800EE6140 /* CoreGraphics.framework in Frameworks */ = {isa = PBXBuildFile; fileRef = 88B62D8E152D2EE800EE6140 /* CoreGraphics.framework */; };
		88B62D95152D2EE800EE6140 /* InfoPlist.strings in Resources */ = {isa = PBXBuildFile; fileRef = 88B62D93152D2EE800EE6140 /* InfoPlist.strings */; };
		88B62D97152D2EE900EE6140 /* main.m in Sources */ = {isa = PBXBuildFile; fileRef = 88B62D96152D2EE800EE6140 /* main.m */; };
		88B62D9B152D2EE900EE6140 /* AppDelegate.m in Sources */ = {isa = PBXBuildFile; fileRef = 88B62D9A152D2EE900EE6140 /* AppDelegate.m */; };
		88B62D9E152D2EE900EE6140 /* MainStoryboard_iPhone.storyboard in Resources */ = {isa = PBXBuildFile; fileRef = 88B62D9C152D2EE900EE6140 /* MainStoryboard_iPhone.storyboard */; };
		88B62DA1152D2EE900EE6140 /* MainStoryboard_iPad.storyboard in Resources */ = {isa = PBXBuildFile; fileRef = 88B62D9F152D2EE900EE6140 /* MainStoryboard_iPad.storyboard */; };
		88B62DA4152D2EE900EE6140 /* ViewController.m in Sources */ = {isa = PBXBuildFile; fileRef = 88B62DA3152D2EE900EE6140 /* ViewController.m */; };
		88B62DAC152D2EE900EE6140 /* SenTestingKit.framework in Frameworks */ = {isa = PBXBuildFile; fileRef = 88B62DAB152D2EE900EE6140 /* SenTestingKit.framework */; };
		88B62DAD152D2EE900EE6140 /* UIKit.framework in Frameworks */ = {isa = PBXBuildFile; fileRef = 88B62D8A152D2EE800EE6140 /* UIKit.framework */; };
		88B62DAE152D2EE900EE6140 /* Foundation.framework in Frameworks */ = {isa = PBXBuildFile; fileRef = 88B62D8C152D2EE800EE6140 /* Foundation.framework */; };
		88B62DB6152D2EE900EE6140 /* InfoPlist.strings in Resources */ = {isa = PBXBuildFile; fileRef = 88B62DB4152D2EE900EE6140 /* InfoPlist.strings */; };
		88B62DB9152D2EE900EE6140 /* DrawingSurfaceTests.m in Sources */ = {isa = PBXBuildFile; fileRef = 88B62DB8152D2EE900EE6140 /* DrawingSurfaceTests.m */; };
/* End PBXBuildFile section */

/* Begin PBXContainerItemProxy section */
		88B62DAF152D2EE900EE6140 /* PBXContainerItemProxy */ = {
			isa = PBXContainerItemProxy;
			containerPortal = 88B62D7D152D2EE800EE6140 /* Project object */;
			proxyType = 1;
			remoteGlobalIDString = 88B62D85152D2EE800EE6140;
			remoteInfo = DrawingSurface;
		};
/* End PBXContainerItemProxy section */

/* Begin PBXFileReference section */
		88615710152D30A00020CAD8 /* PaintView.h */ = {isa = PBXFileReference; fileEncoding = 4; lastKnownFileType = sourcecode.c.h; path = PaintView.h; sourceTree = "<group>"; };
		88615711152D30A00020CAD8 /* PaintView.m */ = {isa = PBXFileReference; fileEncoding = 4; lastKnownFileType = sourcecode.c.objc; path = PaintView.m; sourceTree = "<group>"; };
		88B62D86152D2EE800EE6140 /* DrawingSurface.app */ = {isa = PBXFileReference; explicitFileType = wrapper.application; includeInIndex = 0; path = DrawingSurface.app; sourceTree = BUILT_PRODUCTS_DIR; };
		88B62D8A152D2EE800EE6140 /* UIKit.framework */ = {isa = PBXFileReference; lastKnownFileType = wrapper.framework; name = UIKit.framework; path = System/Library/Frameworks/UIKit.framework; sourceTree = SDKROOT; };
		88B62D8C152D2EE800EE6140 /* Foundation.framework */ = {isa = PBXFileReference; lastKnownFileType = wrapper.framework; name = Foundation.framework; path = System/Library/Frameworks/Foundation.framework; sourceTree = SDKROOT; };
		88B62D8E152D2EE800EE6140 /* CoreGraphics.framework */ = {isa = PBXFileReference; lastKnownFileType = wrapper.framework; name = CoreGraphics.framework; path = System/Library/Frameworks/CoreGraphics.framework; sourceTree = SDKROOT; };
		88B62D92152D2EE800EE6140 /* DrawingSurface-Info.plist */ = {isa = PBXFileReference; lastKnownFileType = text.plist.xml; path = "DrawingSurface-Info.plist"; sourceTree = "<group>"; };
		88B62D94152D2EE800EE6140 /* en */ = {isa = PBXFileReference; lastKnownFileType = text.plist.strings; name = en; path = en.lproj/InfoPlist.strings; sourceTree = "<group>"; };
		88B62D96152D2EE800EE6140 /* main.m */ = {isa = PBXFileReference; lastKnownFileType = sourcecode.c.objc; path = main.m; sourceTree = "<group>"; };
		88B62D98152D2EE900EE6140 /* DrawingSurface-Prefix.pch */ = {isa = PBXFileReference; lastKnownFileType = sourcecode.c.h; path = "DrawingSurface-Prefix.pch"; sourceTree = "<group>"; };
		88B62D99152D2EE900EE6140 /* AppDelegate.h */ = {isa = PBXFileReference; lastKnownFileType = sourcecode.c.h; path = AppDelegate.h; sourceTree = "<group>"; };
		88B62D9A152D2EE900EE6140 /* AppDelegate.m */ = {isa = PBXFileReference; lastKnownFileType = sourcecode.c.objc; path = AppDelegate.m; sourceTree = "<group>"; };
		88B62D9D152D2EE900EE6140 /* en */ = {isa = PBXFileReference; lastKnownFileType = file.storyboard; name = en; path = en.lproj/MainStoryboard_iPhone.storyboard; sourceTree = "<group>"; };
		88B62DA0152D2EE900EE6140 /* en */ = {isa = PBXFileReference; lastKnownFileType = file.storyboard; name = en; path = en.lproj/MainStoryboard_iPad.storyboard; sourceTree = "<group>"; };
		88B62DA2152D2EE900EE6140 /* ViewController.h */ = {isa = PBXFileReference; lastKnownFileType = sourcecode.c.h; path = ViewController.h; sourceTree = "<group>"; };
		88B62DA3152D2EE900EE6140 /* ViewController.m */ = {isa = PBXFileReference; lastKnownFileType = sourcecode.c.objc; path = ViewController.m; sourceTree = "<group>"; };
		88B62DAA152D2EE900EE6140 /* DrawingSurfaceTests.octest */ = {isa = PBXFileReference; explicitFileType = wrapper.cfbundle; includeInIndex = 0; path = DrawingSurfaceTests.octest; sourceTree = BUILT_PRODUCTS_DIR; };
		88B62DAB152D2EE900EE6140 /* SenTestingKit.framework */ = {isa = PBXFileReference; lastKnownFileType = wrapper.framework; name = SenTestingKit.framework; path = Library/Frameworks/SenTestingKit.framework; sourceTree = DEVELOPER_DIR; };
		88B62DB3152D2EE900EE6140 /* DrawingSurfaceTests-Info.plist */ = {isa = PBXFileReference; lastKnownFileType = text.plist.xml; path = "DrawingSurfaceTests-Info.plist"; sourceTree = "<group>"; };
		88B62DB5152D2EE900EE6140 /* en */ = {isa = PBXFileReference; lastKnownFileType = text.plist.strings; name = en; path = en.lproj/InfoPlist.strings; sourceTree = "<group>"; };
		88B62DB7152D2EE900EE6140 /* DrawingSurfaceTests.h */ = {isa = PBXFileReference; lastKnownFileType = sourcecode.c.h; path = DrawingSurfaceTests.h; sourceTree = "<group>"; };
		88B62DB8152D2EE900EE6140 /* DrawingSurfaceTests.m */ = {isa = PBXFileReference; lastKnownFileType = sourcecode.c.objc; path = DrawingSurfaceTests.m; sourceTree = "<group>"; };
/* End PBXFileReference section */

/* Begin PBXFrameworksBuildPhase section */
		88B62D83152D2EE800EE6140 /* Frameworks */ = {
			isa = PBXFrameworksBuildPhase;
			buildActionMask = 2147483647;
			files = (
				88B62D8B152D2EE800EE6140 /* UIKit.framework in Frameworks */,
				88B62D8D152D2EE800EE6140 /* Foundation.framework in Frameworks */,
				88B62D8F152D2EE800EE6140 /* CoreGraphics.framework in Frameworks */,
			);
			runOnlyForDeploymentPostprocessing = 0;
		};
		88B62DA6152D2EE900EE6140 /* Frameworks */ = {
			isa = PBXFrameworksBuildPhase;
			buildActionMask = 2147483647;
			files = (
				88B62DAC152D2EE900EE6140 /* SenTestingKit.framework in Frameworks */,
				88B62DAD152D2EE900EE6140 /* UIKit.framework in Frameworks */,
				88B62DAE152D2EE900EE6140 /* Foundation.framework in Frameworks */,
			);
			runOnlyForDeploymentPostprocessing = 0;
		};
/* End PBXFrameworksBuildPhase section */

/* Begin PBXGroup section */
		88B62D7B152D2EE800EE6140 = {
			isa = PBXGroup;
			children = (
				88B62D90152D2EE800EE6140 /* DrawingSurface */,
				88B62DB1152D2EE900EE6140 /* DrawingSurfaceTests */,
				88B62D89152D2EE800EE6140 /* Frameworks */,
				88B62D87152D2EE800EE6140 /* Products */,
			);
			sourceTree = "<group>";
		};
		88B62D87152D2EE800EE6140 /* Products */ = {
			isa = PBXGroup;
			children = (
				88B62D86152D2EE800EE6140 /* DrawingSurface.app */,
				88B62DAA152D2EE900EE6140 /* DrawingSurfaceTests.octest */,
			);
			name = Products;
			sourceTree = "<group>";
		};
		88B62D89152D2EE800EE6140 /* Frameworks */ = {
			isa = PBXGroup;
			children = (
				88B62D8A152D2EE800EE6140 /* UIKit.framework */,
				88B62D8C152D2EE800EE6140 /* Foundation.framework */,
				88B62D8E152D2EE800EE6140 /* CoreGraphics.framework */,
				88B62DAB152D2EE900EE6140 /* SenTestingKit.framework */,
			);
			name = Frameworks;
			sourceTree = "<group>";
		};
		88B62D90152D2EE800EE6140 /* DrawingSurface */ = {
			isa = PBXGroup;
			children = (
				88B62D99152D2EE900EE6140 /* AppDelegate.h */,
				88B62D9A152D2EE900EE6140 /* AppDelegate.m */,
				88B62D9C152D2EE900EE6140 /* MainStoryboard_iPhone.storyboard */,
				88B62D9F152D2EE900EE6140 /* MainStoryboard_iPad.storyboard */,
				88B62DA2152D2EE900EE6140 /* ViewController.h */,
				88B62DA3152D2EE900EE6140 /* ViewController.m */,
				88B62D91152D2EE800EE6140 /* Supporting Files */,
				88615710152D30A00020CAD8 /* PaintView.h */,
				88615711152D30A00020CAD8 /* PaintView.m */,
			);
			path = DrawingSurface;
			sourceTree = "<group>";
		};
		88B62D91152D2EE800EE6140 /* Supporting Files */ = {
			isa = PBXGroup;
			children = (
				88B62D92152D2EE800EE6140 /* DrawingSurface-Info.plist */,
				88B62D93152D2EE800EE6140 /* InfoPlist.strings */,
				88B62D96152D2EE800EE6140 /* main.m */,
				88B62D98152D2EE900EE6140 /* DrawingSurface-Prefix.pch */,
			);
			name = "Supporting Files";
			sourceTree = "<group>";
		};
		88B62DB1152D2EE900EE6140 /* DrawingSurfaceTests */ = {
			isa = PBXGroup;
			children = (
				88B62DB7152D2EE900EE6140 /* DrawingSurfaceTests.h */,
				88B62DB8152D2EE900EE6140 /* DrawingSurfaceTests.m */,
				88B62DB2152D2EE900EE6140 /* Supporting Files */,
			);
			path = DrawingSurfaceTests;
			sourceTree = "<group>";
		};
		88B62DB2152D2EE900EE6140 /* Supporting Files */ = {
			isa = PBXGroup;
			children = (
				88B62DB3152D2EE900EE6140 /* DrawingSurfaceTests-Info.plist */,
				88B62DB4152D2EE900EE6140 /* InfoPlist.strings */,
			);
			name = "Supporting Files";
			sourceTree = "<group>";
		};
/* End PBXGroup section */

/* Begin PBXNativeTarget section */
		88B62D85152D2EE800EE6140 /* DrawingSurface */ = {
			isa = PBXNativeTarget;
			buildConfigurationList = 88B62DBC152D2EE900EE6140 /* Build configuration list for PBXNativeTarget "DrawingSurface" */;
			buildPhases = (
				88B62D82152D2EE800EE6140 /* Sources */,
				88B62D83152D2EE800EE6140 /* Frameworks */,
				88B62D84152D2EE800EE6140 /* Resources */,
			);
			buildRules = (
			);
			dependencies = (
			);
			name = DrawingSurface;
			productName = DrawingSurface;
			productReference = 88B62D86152D2EE800EE6140 /* DrawingSurface.app */;
			productType = "com.apple.product-type.application";
		};
		88B62DA9152D2EE900EE6140 /* DrawingSurfaceTests */ = {
			isa = PBXNativeTarget;
			buildConfigurationList = 88B62DBF152D2EE900EE6140 /* Build configuration list for PBXNativeTarget "DrawingSurfaceTests" */;
			buildPhases = (
				88B62DA5152D2EE900EE6140 /* Sources */,
				88B62DA6152D2EE900EE6140 /* Frameworks */,
				88B62DA7152D2EE900EE6140 /* Resources */,
				88B62DA8152D2EE900EE6140 /* ShellScript */,
			);
			buildRules = (
			);
			dependencies = (
				88B62DB0152D2EE900EE6140 /* PBXTargetDependency */,
			);
			name = DrawingSurfaceTests;
			productName = DrawingSurfaceTests;
			productReference = 88B62DAA152D2EE900EE6140 /* DrawingSurfaceTests.octest */;
			productType = "com.apple.product-type.bundle";
		};
/* End PBXNativeTarget section */

/* Begin PBXProject section */
		88B62D7D152D2EE800EE6140 /* Project object */ = {
			isa = PBXProject;
			attributes = {
				LastUpgradeCheck = 0430;
			};
			buildConfigurationList = 88B62D80152D2EE800EE6140 /* Build configuration list for PBXProject "DrawingSurface" */;
			compatibilityVersion = "Xcode 3.2";
			developmentRegion = English;
			hasScannedForEncodings = 0;
			knownRegions = (
				en,
			);
			mainGroup = 88B62D7B152D2EE800EE6140;
			productRefGroup = 88B62D87152D2EE800EE6140 /* Products */;
			projectDirPath = "";
			projectRoot = "";
			targets = (
				88B62D85152D2EE800EE6140 /* DrawingSurface */,
				88B62DA9152D2EE900EE6140 /* DrawingSurfaceTests */,
			);
		};
/* End PBXProject section */

/* Begin PBXResourcesBuildPhase section */
		88B62D84152D2EE800EE6140 /* Resources */ = {
			isa = PBXResourcesBuildPhase;
			buildActionMask = 2147483647;
			files = (
				88B62D95152D2EE800EE6140 /* InfoPlist.strings in Resources */,
				88B62D9E152D2EE900EE6140 /* MainStoryboard_iPhone.storyboard in Resources */,
				88B62DA1152D2EE900EE6140 /* MainStoryboard_iPad.storyboard in Resources */,
			);
			runOnlyForDeploymentPostprocessing = 0;
		};
		88B62DA7152D2EE900EE6140 /* Resources */ = {
			isa = PBXResourcesBuildPhase;
			buildActionMask = 2147483647;
			files = (
				88B62DB6152D2EE900EE6140 /* InfoPlist.strings in Resources */,
			);
			runOnlyForDeploymentPostprocessing = 0;
		};
/* End PBXResourcesBuildPhase section */

/* Begin PBXShellScriptBuildPhase section */
		88B62DA8152D2EE900EE6140 /* ShellScript */ = {
			isa = PBXShellScriptBuildPhase;
			buildActionMask = 2147483647;
			files = (
			);
			inputPaths = (
			);
			outputPaths = (
			);
			runOnlyForDeploymentPostprocessing = 0;
			shellPath = /bin/sh;
			shellScript = "# Run the unit tests in this test bundle.\n\"${SYSTEM_DEVELOPER_DIR}/Tools/RunUnitTests\"\n";
		};
/* End PBXShellScriptBuildPhase section */

/* Begin PBXSourcesBuildPhase section */
		88B62D82152D2EE800EE6140 /* Sources */ = {
			isa = PBXSourcesBuildPhase;
			buildActionMask = 2147483647;
			files = (
				88B62D97152D2EE900EE6140 /* main.m in Sources */,
				88B62D9B152D2EE900EE6140 /* AppDelegate.m in Sources */,
				88B62DA4152D2EE900EE6140 /* ViewController.m in Sources */,
				88615712152D30A00020CAD8 /* PaintView.m in Sources */,
			);
			runOnlyForDeploymentPostprocessing = 0;
		};
		88B62DA5152D2EE900EE6140 /* Sources */ = {
			isa = PBXSourcesBuildPhase;
			buildActionMask = 2147483647;
			files = (
				88B62DB9152D2EE900EE6140 /* DrawingSurfaceTests.m in Sources */,
			);
			runOnlyForDeploymentPostprocessing = 0;
		};
/* End PBXSourcesBuildPhase section */

/* Begin PBXTargetDependency section */
		88B62DB0152D2EE900EE6140 /* PBXTargetDependency */ = {
			isa = PBXTargetDependency;
			target = 88B62D85152D2EE800EE6140 /* DrawingSurface */;
			targetProxy = 88B62DAF152D2EE900EE6140 /* PBXContainerItemProxy */;
		};
/* End PBXTargetDependency section */

/* Begin PBXVariantGroup section */
		88B62D93152D2EE800EE6140 /* InfoPlist.strings */ = {
			isa = PBXVariantGroup;
			children = (
				88B62D94152D2EE800EE6140 /* en */,
			);
			name = InfoPlist.strings;
			sourceTree = "<group>";
		};
		88B62D9C152D2EE900EE6140 /* MainStoryboard_iPhone.storyboard */ = {
			isa = PBXVariantGroup;
			children = (
				88B62D9D152D2EE900EE6140 /* en */,
			);
			name = MainStoryboard_iPhone.storyboard;
			sourceTree = "<group>";
		};
		88B62D9F152D2EE900EE6140 /* MainStoryboard_iPad.storyboard */ = {
			isa = PBXVariantGroup;
			children = (
				88B62DA0152D2EE900EE6140 /* en */,
			);
			name = MainStoryboard_iPad.storyboard;
			sourceTree = "<group>";
		};
		88B62DB4152D2EE900EE6140 /* InfoPlist.strings */ = {
			isa = PBXVariantGroup;
			children = (
				88B62DB5152D2EE900EE6140 /* en */,
			);
			name = InfoPlist.strings;
			sourceTree = "<group>";
		};
/* End PBXVariantGroup section */

/* Begin XCBuildConfiguration section */
		88B62DBA152D2EE900EE6140 /* Debug */ = {
			isa = XCBuildConfiguration;
			buildSettings = {
				ALWAYS_SEARCH_USER_PATHS = NO;
				ARCHS = "$(ARCHS_STANDARD_32_BIT)";
				CLANG_ENABLE_OBJC_ARC = YES;
				"CODE_SIGN_IDENTITY[sdk=iphoneos*]" = "iPhone Developer";
				COPY_PHASE_STRIP = NO;
				GCC_C_LANGUAGE_STANDARD = gnu99;
				GCC_DYNAMIC_NO_PIC = NO;
				GCC_OPTIMIZATION_LEVEL = 0;
				GCC_PREPROCESSOR_DEFINITIONS = (
					"DEBUG=1",
					"$(inherited)",
				);
				GCC_SYMBOLS_PRIVATE_EXTERN = NO;
				GCC_VERSION = com.apple.compilers.llvm.clang.1_0;
				GCC_WARN_ABOUT_RETURN_TYPE = YES;
				GCC_WARN_UNINITIALIZED_AUTOS = YES;
				GCC_WARN_UNUSED_VARIABLE = YES;
				IPHONEOS_DEPLOYMENT_TARGET = 5.1;
				SDKROOT = iphoneos;
				TARGETED_DEVICE_FAMILY = "1,2";
			};
			name = Debug;
		};
		88B62DBB152D2EE900EE6140 /* Release */ = {
			isa = XCBuildConfiguration;
			buildSettings = {
				ALWAYS_SEARCH_USER_PATHS = NO;
				ARCHS = "$(ARCHS_STANDARD_32_BIT)";
				CLANG_ENABLE_OBJC_ARC = YES;
				"CODE_SIGN_IDENTITY[sdk=iphoneos*]" = "iPhone Developer";
				COPY_PHASE_STRIP = YES;
				GCC_C_LANGUAGE_STANDARD = gnu99;
				GCC_VERSION = com.apple.compilers.llvm.clang.1_0;
				GCC_WARN_ABOUT_RETURN_TYPE = YES;
				GCC_WARN_UNINITIALIZED_AUTOS = YES;
				GCC_WARN_UNUSED_VARIABLE = YES;
				IPHONEOS_DEPLOYMENT_TARGET = 5.1;
				OTHER_CFLAGS = "-DNS_BLOCK_ASSERTIONS=1";
				SDKROOT = iphoneos;
				TARGETED_DEVICE_FAMILY = "1,2";
				VALIDATE_PRODUCT = YES;
			};
			name = Release;
		};
		88B62DBD152D2EE900EE6140 /* Debug */ = {
			isa = XCBuildConfiguration;
			buildSettings = {
				GCC_PRECOMPILE_PREFIX_HEADER = YES;
				GCC_PREFIX_HEADER = "DrawingSurface/DrawingSurface-Prefix.pch";
				INFOPLIST_FILE = "DrawingSurface/DrawingSurface-Info.plist";
				PRODUCT_NAME = "$(TARGET_NAME)";
				WRAPPER_EXTENSION = app;
			};
			name = Debug;
		};
		88B62DBE152D2EE900EE6140 /* Release */ = {
			isa = XCBuildConfiguration;
			buildSettings = {
				GCC_PRECOMPILE_PREFIX_HEADER = YES;
				GCC_PREFIX_HEADER = "DrawingSurface/DrawingSurface-Prefix.pch";
				INFOPLIST_FILE = "DrawingSurface/DrawingSurface-Info.plist";
				PRODUCT_NAME = "$(TARGET_NAME)";
				WRAPPER_EXTENSION = app;
			};
			name = Release;
		};
		88B62DC0152D2EE900EE6140 /* Debug */ = {
			isa = XCBuildConfiguration;
			buildSettings = {
				BUNDLE_LOADER = "$(BUILT_PRODUCTS_DIR)/DrawingSurface.app/DrawingSurface";
				FRAMEWORK_SEARCH_PATHS = (
					"$(SDKROOT)/Developer/Library/Frameworks",
					"$(DEVELOPER_LIBRARY_DIR)/Frameworks",
				);
				GCC_PRECOMPILE_PREFIX_HEADER = YES;
				GCC_PREFIX_HEADER = "DrawingSurface/DrawingSurface-Prefix.pch";
				INFOPLIST_FILE = "DrawingSurfaceTests/DrawingSurfaceTests-Info.plist";
				PRODUCT_NAME = "$(TARGET_NAME)";
				TEST_HOST = "$(BUNDLE_LOADER)";
				WRAPPER_EXTENSION = octest;
			};
			name = Debug;
		};
		88B62DC1152D2EE900EE6140 /* Release */ = {
			isa = XCBuildConfiguration;
			buildSettings = {
				BUNDLE_LOADER = "$(BUILT_PRODUCTS_DIR)/DrawingSurface.app/DrawingSurface";
				FRAMEWORK_SEARCH_PATHS = (
					"$(SDKROOT)/Developer/Library/Frameworks",
					"$(DEVELOPER_LIBRARY_DIR)/Frameworks",
				);
				GCC_PRECOMPILE_PREFIX_HEADER = YES;
				GCC_PREFIX_HEADER = "DrawingSurface/DrawingSurface-Prefix.pch";
				INFOPLIST_FILE = "DrawingSurfaceTests/DrawingSurfaceTests-Info.plist";
				PRODUCT_NAME = "$(TARGET_NAME)";
				TEST_HOST = "$(BUNDLE_LOADER)";
				WRAPPER_EXTENSION = octest;
			};
			name = Release;
		};
/* End XCBuildConfiguration section */

/* Begin XCConfigurationList section */
		88B62D80152D2EE800EE6140 /* Build configuration list for PBXProject "DrawingSurface" */ = {
			isa = XCConfigurationList;
			buildConfigurations = (
				88B62DBA152D2EE900EE6140 /* Debug */,
				88B62DBB152D2EE900EE6140 /* Release */,
			);
			defaultConfigurationIsVisible = 0;
			defaultConfigurationName = Release;
		};
		88B62DBC152D2EE900EE6140 /* Build configuration list for PBXNativeTarget "DrawingSurface" */ = {
			isa = XCConfigurationList;
			buildConfigurations = (
				88B62DBD152D2EE900EE6140 /* Debug */,
				88B62DBE152D2EE900EE6140 /* Release */,
			);
			defaultConfigurationIsVisible = 0;
			defaultConfigurationName = Release;
		};
		88B62DBF152D2EE900EE6140 /* Build configuration list for PBXNativeTarget "DrawingSurfaceTests" */ = {
			isa = XCConfigurationList;
			buildConfigurations = (
				88B62DC0152D2EE900EE6140 /* Debug */,
				88B62DC1152D2EE900EE6140 /* Release */,
			);
			defaultConfigurationIsVisible = 0;
			defaultConfigurationName = Release;
		};
/* End XCConfigurationList section */
	};
	rootObject = 88B62D7D152D2EE800EE6140 /* Project object */;
}
